
Microsoft Visual Studio Solution File, Format Version 12.00
# Visual Studio Version 16
VisualStudioVersion = 16.0.31424.327
MinimumVisualStudioVersion = 10.0.40219.1
Project("{8BC9CEB8-8B4A-11D0-8D11-00A0C91BC942}") = "fraction", "fraction\fraction.vcxproj", "{BFF6C797-B2F2-4421-8246-3B12307C0631}"
EndProject
Global
	GlobalSection(SolutionConfigurationPlatforms) = preSolution
		Debug|x64 = Debug|x64
		Debug|x86 = Debug|x86
		Release|x64 = Release|x64
		Release|x86 = Release|x86
	EndGlobalSection
	GlobalSection(ProjectConfigurationPlatforms) = postSolution
		{BFF6C797-B2F2-4421-8246-3B12307C0631}.Debug|x64.ActiveCfg = Debug|x64
		{BFF6C797-B2F2-4421-8246-3B12307C0631}.Debug|x64.Build.0 = Debug|x64
		{BFF6C797-B2F2-4421-8246-3B12307C0631}.Debug|x86.ActiveCfg = Debug|Win32
		{BFF6C797-B2F2-4421-8246-3B12307C0631}.Debug|x86.Build.0 = Debug|Win32
		{BFF6C797-B2F2-4421-8246-3B12307C0631}.Release|x64.ActiveCfg = Release|x64
		{BFF6C797-B2F2-4421-8246-3B12307C0631}.Release|x64.Build.0 = Release|x64
		{BFF6C797-B2F2-4421-8246-3B12307C0631}.Release|x86.ActiveCfg = Release|Win32
		{BFF6C797-B2F2-4421-8246-3B12307C0631}.Release|x86.Build.0 = Release|Win32
	EndGlobalSection
	GlobalSection(SolutionProperties) = preSolution
		HideSolutionNode = FALSE
	EndGlobalSection
	GlobalSection(ExtensibilityGlobals) = postSolution
		SolutionGuid = {AB24FC88-7503-4BC1-98B1-641E46822261}
	EndGlobalSection
EndGlobal
